// !$*UTF8*$!
{
	archiveVersion = 1;
	classes = {
	};
	objectVersion = 46;
	objects = {

/* Begin PBXBuildFile section */
		2844AA7F1D8CF3870045A91E /* AppDelegate.swift in Sources */ = {isa = PBXBuildFile; fileRef = 2844AA7E1D8CF3870045A91E /* AppDelegate.swift */; };
		2844AA811D8CF3870045A91E /* ViewController.swift in Sources */ = {isa = PBXBuildFile; fileRef = 2844AA801D8CF3870045A91E /* ViewController.swift */; };
		2844AA841D8CF3870045A91E /* Main.storyboard in Resources */ = {isa = PBXBuildFile; fileRef = 2844AA821D8CF3870045A91E /* Main.storyboard */; };
		2844AA861D8CF3870045A91E /* Assets.xcassets in Resources */ = {isa = PBXBuildFile; fileRef = 2844AA851D8CF3870045A91E /* Assets.xcassets */; };
		2844AA891D8CF3870045A91E /* LaunchScreen.storyboard in Resources */ = {isa = PBXBuildFile; fileRef = 2844AA871D8CF3870045A91E /* LaunchScreen.storyboard */; };
		FD3C96F6232E1A7F0097DBAB /* PRODUCT1.xib in Resources */ = {isa = PBXBuildFile; fileRef = FD3C96F4232E1A7F0097DBAB /* PRODUCT1.xib */; };
/* End PBXBuildFile section */

/* Begin PBXContainerItemProxy section */
		FD2B545F23B07EFA000B3005 /* PBXContainerItemProxy */ = {
			isa = PBXContainerItemProxy;
			containerPortal = FD2B545923B07EFA000B3005 /* Kingfisher.xcodeproj */;
			proxyType = 2;
			remoteGlobalIDString = D1ED2D351AD2D09F00CFC3EB;
			remoteInfo = Kingfisher;
		};
		FD2B546123B07EFA000B3005 /* PBXContainerItemProxy */ = {
			isa = PBXContainerItemProxy;
			containerPortal = FD2B545923B07EFA000B3005 /* Kingfisher.xcodeproj */;
			proxyType = 2;
			remoteGlobalIDString = D1F76072230974DE000C5269;
			remoteInfo = KingfisherSwiftUI;
		};
		FD2B546323B07EFA000B3005 /* PBXContainerItemProxy */ = {
			isa = PBXContainerItemProxy;
			containerPortal = FD2B545923B07EFA000B3005 /* Kingfisher.xcodeproj */;
			proxyType = 2;
			remoteGlobalIDString = D1ED2D3F1AD2D09F00CFC3EB;
			remoteInfo = KingfisherTests;
		};
		FD2B547023B07F09000B3005 /* PBXContainerItemProxy */ = {
			isa = PBXContainerItemProxy;
			containerPortal = FD2B546523B07F09000B3005 /* SwiftyJSON.xcodeproj */;
			proxyType = 2;
			remoteGlobalIDString = 2E4FEFDB19575BE100351305;
			remoteInfo = "SwiftyJSON iOS";
		};
		FD2B547223B07F09000B3005 /* PBXContainerItemProxy */ = {
			isa = PBXContainerItemProxy;
			containerPortal = FD2B546523B07F09000B3005 /* SwiftyJSON.xcodeproj */;
			proxyType = 2;
			remoteGlobalIDString = 2E4FEFE619575BE100351305;
			remoteInfo = "SwiftyJSON iOS Tests";
		};
		FD2B547423B07F09000B3005 /* PBXContainerItemProxy */ = {
			isa = PBXContainerItemProxy;
			containerPortal = FD2B546523B07F09000B3005 /* SwiftyJSON.xcodeproj */;
			proxyType = 2;
			remoteGlobalIDString = 9C7DFC5B1A9102BD005AA3F7;
			remoteInfo = "SwiftyJSON macOS";
		};
		FD2B547623B07F09000B3005 /* PBXContainerItemProxy */ = {
			isa = PBXContainerItemProxy;
			containerPortal = FD2B546523B07F09000B3005 /* SwiftyJSON.xcodeproj */;
			proxyType = 2;
			remoteGlobalIDString = 9C7DFC651A9102BD005AA3F7;
			remoteInfo = "SwiftyJSON macOS Tests";
		};
		FD2B547823B07F09000B3005 /* PBXContainerItemProxy */ = {
			isa = PBXContainerItemProxy;
			containerPortal = FD2B546523B07F09000B3005 /* SwiftyJSON.xcodeproj */;
			proxyType = 2;
			remoteGlobalIDString = E4D7CCE81B9465A700EE7221;
			remoteInfo = "SwiftyJSON watchOS";
		};
		FD2B547A23B07F09000B3005 /* PBXContainerItemProxy */ = {
			isa = PBXContainerItemProxy;
			containerPortal = FD2B546523B07F09000B3005 /* SwiftyJSON.xcodeproj */;
			proxyType = 2;
			remoteGlobalIDString = 7236B4F61BAC14150020529B;
			remoteInfo = "SwiftyJSON tvOS";
		};
		FD2B547C23B07F09000B3005 /* PBXContainerItemProxy */ = {
			isa = PBXContainerItemProxy;
			containerPortal = FD2B546523B07F09000B3005 /* SwiftyJSON.xcodeproj */;
			proxyType = 2;
			remoteGlobalIDString = A8580F741BCF5C5B00DA927B;
			remoteInfo = "SwiftyJSON tvOS Tests";
		};
		FD2B548923B07F12000B3005 /* PBXContainerItemProxy */ = {
			isa = PBXContainerItemProxy;
			containerPortal = FD2B547E23B07F12000B3005 /* Alamofire.xcodeproj */;
			proxyType = 2;
			remoteGlobalIDString = F8111E3319A95C8B0040E7D1;
			remoteInfo = "Alamofire iOS";
		};
		FD2B548B23B07F12000B3005 /* PBXContainerItemProxy */ = {
			isa = PBXContainerItemProxy;
			containerPortal = FD2B547E23B07F12000B3005 /* Alamofire.xcodeproj */;
			proxyType = 2;
			remoteGlobalIDString = F8111E3E19A95C8B0040E7D1;
			remoteInfo = "Alamofire iOS Tests";
		};
		FD2B548D23B07F12000B3005 /* PBXContainerItemProxy */ = {
			isa = PBXContainerItemProxy;
			containerPortal = FD2B547E23B07F12000B3005 /* Alamofire.xcodeproj */;
			proxyType = 2;
			remoteGlobalIDString = 4DD67C0B1A5C55C900ED2280;
			remoteInfo = "Alamofire OSX";
		};
		FD2B548F23B07F12000B3005 /* PBXContainerItemProxy */ = {
			isa = PBXContainerItemProxy;
			containerPortal = FD2B547E23B07F12000B3005 /* Alamofire.xcodeproj */;
			proxyType = 2;
			remoteGlobalIDString = F829C6B21A7A94F100A2CD59;
			remoteInfo = "Alamofire OSX Tests";
		};
		FD2B549123B07F12000B3005 /* PBXContainerItemProxy */ = {
			isa = PBXContainerItemProxy;
			containerPortal = FD2B547E23B07F12000B3005 /* Alamofire.xcodeproj */;
			proxyType = 2;
			remoteGlobalIDString = 4CF626EF1BA7CB3E0011A099;
			remoteInfo = "Alamofire tvOS";
		};
		FD2B549323B07F12000B3005 /* PBXContainerItemProxy */ = {
			isa = PBXContainerItemProxy;
			containerPortal = FD2B547E23B07F12000B3005 /* Alamofire.xcodeproj */;
			proxyType = 2;
			remoteGlobalIDString = 4CF626F81BA7CB3E0011A099;
			remoteInfo = "Alamofire tvOS Tests";
		};
		FD2B549523B07F12000B3005 /* PBXContainerItemProxy */ = {
			isa = PBXContainerItemProxy;
			containerPortal = FD2B547E23B07F12000B3005 /* Alamofire.xcodeproj */;
			proxyType = 2;
			remoteGlobalIDString = E4202FE01B667AA100C997FB;
			remoteInfo = "Alamofire watchOS";
		};
/* End PBXContainerItemProxy section */

/* Begin PBXFileReference section */
		2844AA7B1D8CF3870045A91E /* UITableViewTest.app */ = {isa = PBXFileReference; explicitFileType = wrapper.application; includeInIndex = 0; path = UITableViewTest.app; sourceTree = BUILT_PRODUCTS_DIR; };
		2844AA7E1D8CF3870045A91E /* AppDelegate.swift */ = {isa = PBXFileReference; lastKnownFileType = sourcecode.swift; path = AppDelegate.swift; sourceTree = "<group>"; };
		2844AA801D8CF3870045A91E /* ViewController.swift */ = {isa = PBXFileReference; lastKnownFileType = sourcecode.swift; path = ViewController.swift; sourceTree = "<group>"; };
		2844AA831D8CF3870045A91E /* Base */ = {isa = PBXFileReference; lastKnownFileType = file.storyboard; name = Base; path = Base.lproj/Main.storyboard; sourceTree = "<group>"; };
		2844AA851D8CF3870045A91E /* Assets.xcassets */ = {isa = PBXFileReference; lastKnownFileType = folder.assetcatalog; path = Assets.xcassets; sourceTree = "<group>"; };
		2844AA881D8CF3870045A91E /* Base */ = {isa = PBXFileReference; lastKnownFileType = file.storyboard; name = Base; path = Base.lproj/LaunchScreen.storyboard; sourceTree = "<group>"; };
		2844AA8A1D8CF3870045A91E /* Info.plist */ = {isa = PBXFileReference; lastKnownFileType = text.plist.xml; path = Info.plist; sourceTree = "<group>"; };
		FD2B545923B07EFA000B3005 /* Kingfisher.xcodeproj */ = {isa = PBXFileReference; lastKnownFileType = "wrapper.pb-project"; name = Kingfisher.xcodeproj; path = "Kingfisher-master/Kingfisher.xcodeproj"; sourceTree = "<group>"; };
		FD2B546523B07F09000B3005 /* SwiftyJSON.xcodeproj */ = {isa = PBXFileReference; lastKnownFileType = "wrapper.pb-project"; name = SwiftyJSON.xcodeproj; path = "SwiftyJSON-master/SwiftyJSON.xcodeproj"; sourceTree = "<group>"; };
		FD2B547E23B07F12000B3005 /* Alamofire.xcodeproj */ = {isa = PBXFileReference; lastKnownFileType = "wrapper.pb-project"; name = Alamofire.xcodeproj; path = "Alamofire-master/Alamofire.xcodeproj"; sourceTree = "<group>"; };
		FD3C96F4232E1A7F0097DBAB /* PRODUCT1.xib */ = {isa = PBXFileReference; lastKnownFileType = file.xib; path = PRODUCT1.xib; sourceTree = "<group>"; };
/* End PBXFileReference section */

/* Begin PBXFrameworksBuildPhase section */
		2844AA781D8CF3870045A91E /* Frameworks */ = {
			isa = PBXFrameworksBuildPhase;
			buildActionMask = 2147483647;
			files = (
			);
			runOnlyForDeploymentPostprocessing = 0;
		};
/* End PBXFrameworksBuildPhase section */

/* Begin PBXGroup section */
		2844AA721D8CF3870045A91E = {
			isa = PBXGroup;
			children = (
				FD2B547E23B07F12000B3005 /* Alamofire.xcodeproj */,
				FD2B546523B07F09000B3005 /* SwiftyJSON.xcodeproj */,
				FD2B545923B07EFA000B3005 /* Kingfisher.xcodeproj */,
				2844AA7D1D8CF3870045A91E /* UITableViewTest */,
				2844AA7C1D8CF3870045A91E /* Products */,
			);
			sourceTree = "<group>";
		};
		2844AA7C1D8CF3870045A91E /* Products */ = {
			isa = PBXGroup;
			children = (
				2844AA7B1D8CF3870045A91E /* UITableViewTest.app */,
			);
			name = Products;
			sourceTree = "<group>";
		};
		2844AA7D1D8CF3870045A91E /* UITableViewTest */ = {
			isa = PBXGroup;
			children = (
				2844AA7E1D8CF3870045A91E /* AppDelegate.swift */,
				2844AA801D8CF3870045A91E /* ViewController.swift */,
				2844AA821D8CF3870045A91E /* Main.storyboard */,
				2844AA851D8CF3870045A91E /* Assets.xcassets */,
				2844AA871D8CF3870045A91E /* LaunchScreen.storyboard */,
				2844AA8A1D8CF3870045A91E /* Info.plist */,
				FD3C96F4232E1A7F0097DBAB /* PRODUCT1.xib */,
			);
			path = UITableViewTest;
			sourceTree = "<group>";
		};
		FD2B545A23B07EFA000B3005 /* Products */ = {
			isa = PBXGroup;
			children = (
				FD2B546023B07EFA000B3005 /* Kingfisher.framework */,
				FD2B546223B07EFA000B3005 /* KingfisherSwiftUI.framework */,
				FD2B546423B07EFA000B3005 /* KingfisherTests.xctest */,
			);
			name = Products;
			sourceTree = "<group>";
		};
		FD2B546623B07F09000B3005 /* Products */ = {
			isa = PBXGroup;
			children = (
				FD2B547123B07F09000B3005 /* SwiftyJSON.framework */,
				FD2B547323B07F09000B3005 /* SwiftyJSON iOS Tests.xctest */,
				FD2B547523B07F09000B3005 /* SwiftyJSON.framework */,
				FD2B547723B07F09000B3005 /* SwiftyJSON macOS Tests.xctest */,
				FD2B547923B07F09000B3005 /* SwiftyJSON.framework */,
				FD2B547B23B07F09000B3005 /* SwiftyJSON.framework */,
				FD2B547D23B07F09000B3005 /* SwiftyJSON tvOS Tests.xctest */,
			);
			name = Products;
			sourceTree = "<group>";
		};
		FD2B547F23B07F12000B3005 /* Products */ = {
			isa = PBXGroup;
			children = (
				FD2B548A23B07F12000B3005 /* Alamofire.framework */,
				FD2B548C23B07F12000B3005 /* Alamofire iOS Tests.xctest */,
				FD2B548E23B07F12000B3005 /* Alamofire.framework */,
				FD2B549023B07F12000B3005 /* Alamofire OSX Tests.xctest */,
				FD2B549223B07F12000B3005 /* Alamofire.framework */,
				FD2B549423B07F12000B3005 /* Alamofire tvOS Tests.xctest */,
				FD2B549623B07F12000B3005 /* Alamofire.framework */,
			);
			name = Products;
			sourceTree = "<group>";
		};
/* End PBXGroup section */

/* Begin PBXNativeTarget section */
		2844AA7A1D8CF3870045A91E /* UITableViewTest */ = {
			isa = PBXNativeTarget;
			buildConfigurationList = 2844AA8D1D8CF3870045A91E /* Build configuration list for PBXNativeTarget "UITableViewTest" */;
			buildPhases = (
				2844AA771D8CF3870045A91E /* Sources */,
				2844AA781D8CF3870045A91E /* Frameworks */,
				2844AA791D8CF3870045A91E /* Resources */,
			);
			buildRules = (
			);
			dependencies = (
			);
			name = UITableViewTest;
			productName = UITableViewTest;
			productReference = 2844AA7B1D8CF3870045A91E /* UITableViewTest.app */;
			productType = "com.apple.product-type.application";
		};
/* End PBXNativeTarget section */

/* Begin PBXProject section */
		2844AA731D8CF3870045A91E /* Project object */ = {
			isa = PBXProject;
			attributes = {
				LastSwiftUpdateCheck = 0800;
				LastUpgradeCheck = 1120;
				ORGANIZATIONNAME = jaki;
				TargetAttributes = {
					2844AA7A1D8CF3870045A91E = {
						CreatedOnToolsVersion = 8.0;
						ProvisioningStyle = Automatic;
					};
				};
			};
			buildConfigurationList = 2844AA761D8CF3870045A91E /* Build configuration list for PBXProject "UITableViewTest" */;
			compatibilityVersion = "Xcode 3.2";
			developmentRegion = English;
			hasScannedForEncodings = 0;
			knownRegions = (
				English,
				en,
				Base,
			);
			mainGroup = 2844AA721D8CF3870045A91E;
			productRefGroup = 2844AA7C1D8CF3870045A91E /* Products */;
			projectDirPath = "";
			projectReferences = (
				{
					ProductGroup = FD2B547F23B07F12000B3005 /* Products */;
					ProjectRef = FD2B547E23B07F12000B3005 /* Alamofire.xcodeproj */;
				},
				{
					ProductGroup = FD2B545A23B07EFA000B3005 /* Products */;
					ProjectRef = FD2B545923B07EFA000B3005 /* Kingfisher.xcodeproj */;
				},
				{
					ProductGroup = FD2B546623B07F09000B3005 /* Products */;
					ProjectRef = FD2B546523B07F09000B3005 /* SwiftyJSON.xcodeproj */;
				},
			);
			projectRoot = "";
			targets = (
				2844AA7A1D8CF3870045A91E /* UITableViewTest */,
			);
		};
/* End PBXProject section */

/* Begin PBXReferenceProxy section */
		FD2B546023B07EFA000B3005 /* Kingfisher.framework */ = {
			isa = PBXReferenceProxy;
			fileType = wrapper.framework;
			path = Kingfisher.framework;
			remoteRef = FD2B545F23B07EFA000B3005 /* PBXContainerItemProxy */;
			sourceTree = BUILT_PRODUCTS_DIR;
		};
		FD2B546223B07EFA000B3005 /* KingfisherSwiftUI.framework */ = {
			isa = PBXReferenceProxy;
			fileType = wrapper.framework;
			path = KingfisherSwiftUI.framework;
			remoteRef = FD2B546123B07EFA000B3005 /* PBXContainerItemProxy */;
			sourceTree = BUILT_PRODUCTS_DIR;
		};
		FD2B546423B07EFA000B3005 /* KingfisherTests.xctest */ = {
			isa = PBXReferenceProxy;
			fileType = wrapper.cfbundle;
			path = KingfisherTests.xctest;
			remoteRef = FD2B546323B07EFA000B3005 /* PBXContainerItemProxy */;
			sourceTree = BUILT_PRODUCTS_DIR;
		};
		FD2B547123B07F09000B3005 /* SwiftyJSON.framework */ = {
			isa = PBXReferenceProxy;
			fileType = wrapper.framework;
			path = SwiftyJSON.framework;
			remoteRef = FD2B547023B07F09000B3005 /* PBXContainerItemProxy */;
			sourceTree = BUILT_PRODUCTS_DIR;
		};
		FD2B547323B07F09000B3005 /* SwiftyJSON iOS Tests.xctest */ = {
			isa = PBXReferenceProxy;
			fileType = wrapper.cfbundle;
			path = "SwiftyJSON iOS Tests.xctest";
			remoteRef = FD2B547223B07F09000B3005 /* PBXContainerItemProxy */;
			sourceTree = BUILT_PRODUCTS_DIR;
		};
		FD2B547523B07F09000B3005 /* SwiftyJSON.framework */ = {
			isa = PBXReferenceProxy;
			fileType = wrapper.framework;
			path = SwiftyJSON.framework;
			remoteRef = FD2B547423B07F09000B3005 /* PBXContainerItemProxy */;
			sourceTree = BUILT_PRODUCTS_DIR;
		};
		FD2B547723B07F09000B3005 /* SwiftyJSON macOS Tests.xctest */ = {
			isa = PBXReferenceProxy;
			fileType = wrapper.cfbundle;
			path = "SwiftyJSON macOS Tests.xctest";
			remoteRef = FD2B547623B07F09000B3005 /* PBXContainerItemProxy */;
			sourceTree = BUILT_PRODUCTS_DIR;
		};
		FD2B547923B07F09000B3005 /* SwiftyJSON.framework */ = {
			isa = PBXReferenceProxy;
			fileType = wrapper.framework;
			path = SwiftyJSON.framework;
			remoteRef = FD2B547823B07F09000B3005 /* PBXContainerItemProxy */;
			sourceTree = BUILT_PRODUCTS_DIR;
		};
		FD2B547B23B07F09000B3005 /* SwiftyJSON.framework */ = {
			isa = PBXReferenceProxy;
			fileType = wrapper.framework;
			path = SwiftyJSON.framework;
			remoteRef = FD2B547A23B07F09000B3005 /* PBXContainerItemProxy */;
			sourceTree = BUILT_PRODUCTS_DIR;
		};
		FD2B547D23B07F09000B3005 /* SwiftyJSON tvOS Tests.xctest */ = {
			isa = PBXReferenceProxy;
			fileType = wrapper.cfbundle;
			path = "SwiftyJSON tvOS Tests.xctest";
			remoteRef = FD2B547C23B07F09000B3005 /* PBXContainerItemProxy */;
			sourceTree = BUILT_PRODUCTS_DIR;
		};
		FD2B548A23B07F12000B3005 /* Alamofire.framework */ = {
			isa = PBXReferenceProxy;
			fileType = wrapper.framework;
			path = Alamofire.framework;
			remoteRef = FD2B548923B07F12000B3005 /* PBXContainerItemProxy */;
			sourceTree = BUILT_PRODUCTS_DIR;
		};
		FD2B548C23B07F12000B3005 /* Alamofire iOS Tests.xctest */ = {
			isa = PBXReferenceProxy;
			fileType = wrapper.cfbundle;
			path = "Alamofire iOS Tests.xctest";
			remoteRef = FD2B548B23B07F12000B3005 /* PBXContainerItemProxy */;
			sourceTree = BUILT_PRODUCTS_DIR;
		};
		FD2B548E23B07F12000B3005 /* Alamofire.framework */ = {
			isa = PBXReferenceProxy;
			fileType = wrapper.framework;
			path = Alamofire.framework;
			remoteRef = FD2B548D23B07F12000B3005 /* PBXContainerItemProxy */;
			sourceTree = BUILT_PRODUCTS_DIR;
		};
		FD2B549023B07F12000B3005 /* Alamofire OSX Tests.xctest */ = {
			isa = PBXReferenceProxy;
			fileType = wrapper.cfbundle;
			path = "Alamofire OSX Tests.xctest";
			remoteRef = FD2B548F23B07F12000B3005 /* PBXContainerItemProxy */;
			sourceTree = BUILT_PRODUCTS_DIR;
		};
		FD2B549223B07F12000B3005 /* Alamofire.framework */ = {
			isa = PBXReferenceProxy;
			fileType = wrapper.framework;
			path = Alamofire.framework;
			remoteRef = FD2B549123B07F12000B3005 /* PBXContainerItemProxy */;
			sourceTree = BUILT_PRODUCTS_DIR;
		};
		FD2B549423B07F12000B3005 /* Alamofire tvOS Tests.xctest */ = {
			isa = PBXReferenceProxy;
			fileType = wrapper.cfbundle;
			path = "Alamofire tvOS Tests.xctest";
			remoteRef = FD2B549323B07F12000B3005 /* PBXContainerItemProxy */;
			sourceTree = BUILT_PRODUCTS_DIR;
		};
		FD2B549623B07F12000B3005 /* Alamofire.framework */ = {
			isa = PBXReferenceProxy;
			fileType = wrapper.framework;
			path = Alamofire.framework;
			remoteRef = FD2B549523B07F12000B3005 /* PBXContainerItemProxy */;
			sourceTree = BUILT_PRODUCTS_DIR;
		};
/* End PBXReferenceProxy section */

/* Begin PBXResourcesBuildPhase section */
		2844AA791D8CF3870045A91E /* Resources */ = {
			isa = PBXResourcesBuildPhase;
			buildActionMask = 2147483647;
			files = (
				2844AA891D8CF3870045A91E /* LaunchScreen.storyboard in Resources */,
				2844AA861D8CF3870045A91E /* Assets.xcassets in Resources */,
				2844AA841D8CF3870045A91E /* Main.storyboard in Resources */,
				FD3C96F6232E1A7F0097DBAB /* PRODUCT1.xib in Resources */,
			);
			runOnlyForDeploymentPostprocessing = 0;
		};
/* End PBXResourcesBuildPhase section */

/* Begin PBXSourcesBuildPhase section */
		2844AA771D8CF3870045A91E /* Sources */ = {
			isa = PBXSourcesBuildPhase;
			buildActionMask = 2147483647;
			files = (
				2844AA811D8CF3870045A91E /* ViewController.swift in Sources */,
				2844AA7F1D8CF3870045A91E /* AppDelegate.swift in Sources */,
			);
			runOnlyForDeploymentPostprocessing = 0;
		};
/* End PBXSourcesBuildPhase section */

/* Begin PBXVariantGroup section */
		2844AA821D8CF3870045A91E /* Main.storyboard */ = {
			isa = PBXVariantGroup;
			children = (
				2844AA831D8CF3870045A91E /* Base */,
			);
			name = Main.storyboard;
			sourceTree = "<group>";
		};
		2844AA871D8CF3870045A91E /* LaunchScreen.storyboard */ = {
			isa = PBXVariantGroup;
			children = (
				2844AA881D8CF3870045A91E /* Base */,
			);
			name = LaunchScreen.storyboard;
			sourceTree = "<group>";
		};
/* End PBXVariantGroup section */

/* Begin XCBuildConfiguration section */
		2844AA8B1D8CF3870045A91E /* Debug */ = {
			isa = XCBuildConfiguration;
			buildSettings = {
				ALWAYS_SEARCH_USER_PATHS = NO;
				CLANG_ANALYZER_LOCALIZABILITY_NONLOCALIZED = YES;
				CLANG_ANALYZER_NONNULL = YES;
				CLANG_CXX_LANGUAGE_STANDARD = "gnu++0x";
				CLANG_CXX_LIBRARY = "libc++";
				CLANG_ENABLE_MODULES = YES;
				CLANG_ENABLE_OBJC_ARC = YES;
				CLANG_WARN_BLOCK_CAPTURE_AUTORELEASING = YES;
				CLANG_WARN_BOOL_CONVERSION = YES;
				CLANG_WARN_COMMA = YES;
				CLANG_WARN_CONSTANT_CONVERSION = YES;
				CLANG_WARN_DEPRECATED_OBJC_IMPLEMENTATIONS = YES;
				CLANG_WARN_DIRECT_OBJC_ISA_USAGE = YES_ERROR;
				CLANG_WARN_DOCUMENTATION_COMMENTS = YES;
				CLANG_WARN_EMPTY_BODY = YES;
				CLANG_WARN_ENUM_CONVERSION = YES;
				CLANG_WARN_INFINITE_RECURSION = YES;
				CLANG_WARN_INT_CONVERSION = YES;
				CLANG_WARN_NON_LITERAL_NULL_CONVERSION = YES;
				CLANG_WARN_OBJC_IMPLICIT_RETAIN_SELF = YES;
				CLANG_WARN_OBJC_LITERAL_CONVERSION = YES;
				CLANG_WARN_OBJC_ROOT_CLASS = YES_ERROR;
				CLANG_WARN_RANGE_LOOP_ANALYSIS = YES;
				CLANG_WARN_STRICT_PROTOTYPES = YES;
				CLANG_WARN_SUSPICIOUS_MOVE = YES;
				CLANG_WARN_SUSPICIOUS_MOVES = YES;
				CLANG_WARN_UNREACHABLE_CODE = YES;
				CLANG_WARN__DUPLICATE_METHOD_MATCH = YES;
				"CODE_SIGN_IDENTITY[sdk=iphoneos*]" = "iPhone Developer";
				COPY_PHASE_STRIP = NO;
				DEBUG_INFORMATION_FORMAT = dwarf;
				ENABLE_STRICT_OBJC_MSGSEND = YES;
				ENABLE_TESTABILITY = YES;
				GCC_C_LANGUAGE_STANDARD = gnu99;
				GCC_DYNAMIC_NO_PIC = NO;
				GCC_NO_COMMON_BLOCKS = YES;
				GCC_OPTIMIZATION_LEVEL = 0;
				GCC_PREPROCESSOR_DEFINITIONS = (
					"DEBUG=1",
					"$(inherited)",
				);
				GCC_WARN_64_TO_32_BIT_CONVERSION = YES;
				GCC_WARN_ABOUT_RETURN_TYPE = YES_ERROR;
				GCC_WARN_UNDECLARED_SELECTOR = YES;
				GCC_WARN_UNINITIALIZED_AUTOS = YES_AGGRESSIVE;
				GCC_WARN_UNUSED_FUNCTION = YES;
				GCC_WARN_UNUSED_VARIABLE = YES;
				IPHONEOS_DEPLOYMENT_TARGET = 10.0;
				MTL_ENABLE_DEBUG_INFO = YES;
				ONLY_ACTIVE_ARCH = YES;
				SDKROOT = iphoneos;
				SWIFT_ACTIVE_COMPILATION_CONDITIONS = DEBUG;
				SWIFT_OPTIMIZATION_LEVEL = "-Onone";
				TARGETED_DEVICE_FAMILY = "1,2";
			};
			name = Debug;
		};
		2844AA8C1D8CF3870045A91E /* Release */ = {
			isa = XCBuildConfiguration;
			buildSettings = {
				ALWAYS_SEARCH_USER_PATHS = NO;
				CLANG_ANALYZER_LOCALIZABILITY_NONLOCALIZED = YES;
				CLANG_ANALYZER_NONNULL = YES;
				CLANG_CXX_LANGUAGE_STANDARD = "gnu++0x";
				CLANG_CXX_LIBRARY = "libc++";
				CLANG_ENABLE_MODULES = YES;
				CLANG_ENABLE_OBJC_ARC = YES;
				CLANG_WARN_BLOCK_CAPTURE_AUTORELEASING = YES;
				CLANG_WARN_BOOL_CONVERSION = YES;
				CLANG_WARN_COMMA = YES;
				CLANG_WARN_CONSTANT_CONVERSION = YES;
				CLANG_WARN_DEPRECATED_OBJC_IMPLEMENTATIONS = YES;
				CLANG_WARN_DIRECT_OBJC_ISA_USAGE = YES_ERROR;
				CLANG_WARN_DOCUMENTATION_COMMENTS = YES;
				CLANG_WARN_EMPTY_BODY = YES;
				CLANG_WARN_ENUM_CONVERSION = YES;
				CLANG_WARN_INFINITE_RECURSION = YES;
				CLANG_WARN_INT_CONVERSION = YES;
				CLANG_WARN_NON_LITERAL_NULL_CONVERSION = YES;
				CLANG_WARN_OBJC_IMPLICIT_RETAIN_SELF = YES;
				CLANG_WARN_OBJC_LITERAL_CONVERSION = YES;
				CLANG_WARN_OBJC_ROOT_CLASS = YES_ERROR;
				CLANG_WARN_RANGE_LOOP_ANALYSIS = YES;
				CLANG_WARN_STRICT_PROTOTYPES = YES;
				CLANG_WARN_SUSPICIOUS_MOVE = YES;
				CLANG_WARN_SUSPICIOUS_MOVES = YES;
				CLANG_WARN_UNREACHABLE_CODE = YES;
				CLANG_WARN__DUPLICATE_METHOD_MATCH = YES;
				"CODE_SIGN_IDENTITY[sdk=iphoneos*]" = "iPhone Developer";
				COPY_PHASE_STRIP = NO;
				DEBUG_INFORMATION_FORMAT = "dwarf-with-dsym";
				ENABLE_NS_ASSERTIONS = NO;
				ENABLE_STRICT_OBJC_MSGSEND = YES;
				GCC_C_LANGUAGE_STANDARD = gnu99;
				GCC_NO_COMMON_BLOCKS = YES;
				GCC_WARN_64_TO_32_BIT_CONVERSION = YES;
				GCC_WARN_ABOUT_RETURN_TYPE = YES_ERROR;
				GCC_WARN_UNDECLARED_SELECTOR = YES;
				GCC_WARN_UNINITIALIZED_AUTOS = YES_AGGRESSIVE;
				GCC_WARN_UNUSED_FUNCTION = YES;
				GCC_WARN_UNUSED_VARIABLE = YES;
				IPHONEOS_DEPLOYMENT_TARGET = 10.0;
				MTL_ENABLE_DEBUG_INFO = NO;
				SDKROOT = iphoneos;
				SWIFT_OPTIMIZATION_LEVEL = "-Owholemodule";
				TARGETED_DEVICE_FAMILY = "1,2";
				VALIDATE_PRODUCT = YES;
			};
			name = Release;
		};
		2844AA8E1D8CF3870045A91E /* Debug */ = {
			isa = XCBuildConfiguration;
			buildSettings = {
				ASSETCATALOG_COMPILER_APPICON_NAME = AppIcon;
				DEVELOPMENT_TEAM = "";
				INFOPLIST_FILE = UITableViewTest/Info.plist;
				LD_RUNPATH_SEARCH_PATHS = "$(inherited) @executable_path/Frameworks";
				PRODUCT_BUNDLE_IDENTIFIER = jaki.UasdITableViewTest123XX89;
				PRODUCT_NAME = "$(TARGET_NAME)";
				SWIFT_VERSION = 5.0;
			};
			name = Debug;
		};
		2844AA8F1D8CF3870045A91E /* Release */ = {
			isa = XCBuildConfiguration;
			buildSettings = {
				ASSETCATALOG_COMPILER_APPICON_NAME = AppIcon;
				DEVELOPMENT_TEAM = 785857QXGY;
				INFOPLIST_FILE = UITableViewTest/Info.plist;
				LD_RUNPATH_SEARCH_PATHS = "$(inherited) @executable_path/Frameworks";
				PRODUCT_BUNDLE_IDENTIFIER = jaki.UasdITableViewTest123XX89;
				PRODUCT_NAME = "$(TARGET_NAME)";
				SWIFT_VERSION = 5.0;
			};
			name = Release;
		};
/* End XCBuildConfiguration section */

/* Begin XCConfigurationList section */
		2844AA761D8CF3870045A91E /* Build configuration list for PBXProject "UITableViewTest" */ = {
			isa = XCConfigurationList;
			buildConfigurations = (
				2844AA8B1D8CF3870045A91E /* Debug */,
				2844AA8C1D8CF3870045A91E /* Release */,
			);
			defaultConfigurationIsVisible = 0;
			defaultConfigurationName = Release;
		};
		2844AA8D1D8CF3870045A91E /* Build configuration list for PBXNativeTarget "UITableViewTest" */ = {
			isa = XCConfigurationList;
			buildConfigurations = (
				2844AA8E1D8CF3870045A91E /* Debug */,
				2844AA8F1D8CF3870045A91E /* Release */,
			);
			defaultConfigurationIsVisible = 0;
			defaultConfigurationName = Release;
		};
/* End XCConfigurationList section */
	};
	rootObject = 2844AA731D8CF3870045A91E /* Project object */;
}
